{
  "name": "uwebsocketsamples",
  "version": "1.0.0",
  "lockfileVersion": 1,
  "requires": true,
  "dependencies": {
    "uWebSockets.js": {
      "version": "github:uNetworking/uWebSockets.js#77b1761c5a23ac6a5c2adf2bd808be0ae6b5000a",
      "from": "github:uNetworking/uWebSockets.js#v19.2.0"
    }
  }
}
